// !$*UTF8*$!
{
	archiveVersion = 1;
	classes = {
	};
	objectVersion = 50;
	objects = {

/* Begin PBXBuildFile section */
		8DE6AD1823A4253200192BB8 /* AppDelegate.swift in Sources */ = {isa = PBXBuildFile; fileRef = 8DE6AD1723A4253200192BB8 /* AppDelegate.swift */; };
		8DE6AD1A23A4253200192BB8 /* SceneDelegate.swift in Sources */ = {isa = PBXBuildFile; fileRef = 8DE6AD1923A4253200192BB8 /* SceneDelegate.swift */; };
		8DE6AD1C23A4253200192BB8 /* ShowViewController.swift in Sources */ = {isa = PBXBuildFile; fileRef = 8DE6AD1B23A4253200192BB8 /* ShowViewController.swift */; };
		8DE6AD1F23A4253200192BB8 /* Main.storyboard in Resources */ = {isa = PBXBuildFile; fileRef = 8DE6AD1D23A4253200192BB8 /* Main.storyboard */; };
		8DE6AD2123A4253500192BB8 /* Assets.xcassets in Resources */ = {isa = PBXBuildFile; fileRef = 8DE6AD2023A4253500192BB8 /* Assets.xcassets */; };
		8DE6AD2423A4253500192BB8 /* LaunchScreen.storyboard in Resources */ = {isa = PBXBuildFile; fileRef = 8DE6AD2223A4253500192BB8 /* LaunchScreen.storyboard */; };
		8DE6AD2D23A425A100192BB8 /* NetworkHelper.swift in Sources */ = {isa = PBXBuildFile; fileRef = 8DE6AD2C23A425A100192BB8 /* NetworkHelper.swift */; };
		8DE6AD2F23A425BD00192BB8 /* AppError.swift in Sources */ = {isa = PBXBuildFile; fileRef = 8DE6AD2E23A425BD00192BB8 /* AppError.swift */; };
		8DE6AD3123A425D500192BB8 /* ShowsModel.swift in Sources */ = {isa = PBXBuildFile; fileRef = 8DE6AD3023A425D500192BB8 /* ShowsModel.swift */; };
		8DE6AD3323A425EE00192BB8 /* ShowAPIClient.swift in Sources */ = {isa = PBXBuildFile; fileRef = 8DE6AD3223A425EE00192BB8 /* ShowAPIClient.swift */; };
		8DE6AD3523A42F7600192BB8 /* EpisodesModel.swift in Sources */ = {isa = PBXBuildFile; fileRef = 8DE6AD3423A42F7600192BB8 /* EpisodesModel.swift */; };
		8DE6AD3723A5273A00192BB8 /* UIImage+Extension.swift in Sources */ = {isa = PBXBuildFile; fileRef = 8DE6AD3623A5273A00192BB8 /* UIImage+Extension.swift */; };
		8DE6AD3923A527B900192BB8 /* ShowCell.swift in Sources */ = {isa = PBXBuildFile; fileRef = 8DE6AD3823A527B900192BB8 /* ShowCell.swift */; };
/* End PBXBuildFile section */

/* Begin PBXFileReference section */
		8DE6AD1423A4253200192BB8 /* Unit-3Project2-Getting Data from Online.app */ = {isa = PBXFileReference; explicitFileType = wrapper.application; includeInIndex = 0; path = "Unit-3Project2-Getting Data from Online.app"; sourceTree = BUILT_PRODUCTS_DIR; };
		8DE6AD1723A4253200192BB8 /* AppDelegate.swift */ = {isa = PBXFileReference; lastKnownFileType = sourcecode.swift; path = AppDelegate.swift; sourceTree = "<group>"; };
		8DE6AD1923A4253200192BB8 /* SceneDelegate.swift */ = {isa = PBXFileReference; lastKnownFileType = sourcecode.swift; path = SceneDelegate.swift; sourceTree = "<group>"; };
		8DE6AD1B23A4253200192BB8 /* ShowViewController.swift */ = {isa = PBXFileReference; lastKnownFileType = sourcecode.swift; path = ShowViewController.swift; sourceTree = "<group>"; };
		8DE6AD1E23A4253200192BB8 /* Base */ = {isa = PBXFileReference; lastKnownFileType = file.storyboard; name = Base; path = Base.lproj/Main.storyboard; sourceTree = "<group>"; };
		8DE6AD2023A4253500192BB8 /* Assets.xcassets */ = {isa = PBXFileReference; lastKnownFileType = folder.assetcatalog; path = Assets.xcassets; sourceTree = "<group>"; };
		8DE6AD2323A4253500192BB8 /* Base */ = {isa = PBXFileReference; lastKnownFileType = file.storyboard; name = Base; path = Base.lproj/LaunchScreen.storyboard; sourceTree = "<group>"; };
		8DE6AD2523A4253500192BB8 /* Info.plist */ = {isa = PBXFileReference; lastKnownFileType = text.plist.xml; path = Info.plist; sourceTree = "<group>"; };
		8DE6AD2C23A425A100192BB8 /* NetworkHelper.swift */ = {isa = PBXFileReference; lastKnownFileType = sourcecode.swift; path = NetworkHelper.swift; sourceTree = "<group>"; };
		8DE6AD2E23A425BD00192BB8 /* AppError.swift */ = {isa = PBXFileReference; lastKnownFileType = sourcecode.swift; path = AppError.swift; sourceTree = "<group>"; };
		8DE6AD3023A425D500192BB8 /* ShowsModel.swift */ = {isa = PBXFileReference; lastKnownFileType = sourcecode.swift; path = ShowsModel.swift; sourceTree = "<group>"; };
		8DE6AD3223A425EE00192BB8 /* ShowAPIClient.swift */ = {isa = PBXFileReference; lastKnownFileType = sourcecode.swift; path = ShowAPIClient.swift; sourceTree = "<group>"; };
		8DE6AD3423A42F7600192BB8 /* EpisodesModel.swift */ = {isa = PBXFileReference; lastKnownFileType = sourcecode.swift; path = EpisodesModel.swift; sourceTree = "<group>"; };
		8DE6AD3623A5273A00192BB8 /* UIImage+Extension.swift */ = {isa = PBXFileReference; lastKnownFileType = sourcecode.swift; path = "UIImage+Extension.swift"; sourceTree = "<group>"; };
		8DE6AD3823A527B900192BB8 /* ShowCell.swift */ = {isa = PBXFileReference; lastKnownFileType = sourcecode.swift; path = ShowCell.swift; sourceTree = "<group>"; };
/* End PBXFileReference section */

/* Begin PBXFrameworksBuildPhase section */
		8DE6AD1123A4253200192BB8 /* Frameworks */ = {
			isa = PBXFrameworksBuildPhase;
			buildActionMask = 2147483647;
			files = (
			);
			runOnlyForDeploymentPostprocessing = 0;
		};
/* End PBXFrameworksBuildPhase section */

/* Begin PBXGroup section */
		8DE6AD0B23A4253200192BB8 = {
			isa = PBXGroup;
			children = (
				8DE6AD1623A4253200192BB8 /* Unit-3Project2-Getting Data from Online */,
				8DE6AD1523A4253200192BB8 /* Products */,
			);
			sourceTree = "<group>";
		};
		8DE6AD1523A4253200192BB8 /* Products */ = {
			isa = PBXGroup;
			children = (
				8DE6AD1423A4253200192BB8 /* Unit-3Project2-Getting Data from Online.app */,
			);
			name = Products;
			sourceTree = "<group>";
		};
		8DE6AD1623A4253200192BB8 /* Unit-3Project2-Getting Data from Online */ = {
			isa = PBXGroup;
			children = (
				8DE6AD2B23A4257C00192BB8 /* SupportingFiles */,
				8DE6AD1723A4253200192BB8 /* AppDelegate.swift */,
				8DE6AD1923A4253200192BB8 /* SceneDelegate.swift */,
				8DE6AD1B23A4253200192BB8 /* ShowViewController.swift */,
				8DE6AD1D23A4253200192BB8 /* Main.storyboard */,
				8DE6AD2023A4253500192BB8 /* Assets.xcassets */,
				8DE6AD2223A4253500192BB8 /* LaunchScreen.storyboard */,
				8DE6AD2523A4253500192BB8 /* Info.plist */,
			);
			path = "Unit-3Project2-Getting Data from Online";
			sourceTree = "<group>";
		};
		8DE6AD2B23A4257C00192BB8 /* SupportingFiles */ = {
			isa = PBXGroup;
			children = (
				8DE6AD2C23A425A100192BB8 /* NetworkHelper.swift */,
				8DE6AD2E23A425BD00192BB8 /* AppError.swift */,
				8DE6AD3223A425EE00192BB8 /* ShowAPIClient.swift */,
				8DE6AD3023A425D500192BB8 /* ShowsModel.swift */,
				8DE6AD3423A42F7600192BB8 /* EpisodesModel.swift */,
				8DE6AD3623A5273A00192BB8 /* UIImage+Extension.swift */,
				8DE6AD3823A527B900192BB8 /* ShowCell.swift */,
			);
			path = SupportingFiles;
			sourceTree = "<group>";
		};
/* End PBXGroup section */

/* Begin PBXNativeTarget section */
		8DE6AD1323A4253200192BB8 /* Unit-3Project2-Getting Data from Online */ = {
			isa = PBXNativeTarget;
			buildConfigurationList = 8DE6AD2823A4253500192BB8 /* Build configuration list for PBXNativeTarget "Unit-3Project2-Getting Data from Online" */;
			buildPhases = (
				8DE6AD1023A4253200192BB8 /* Sources */,
				8DE6AD1123A4253200192BB8 /* Frameworks */,
				8DE6AD1223A4253200192BB8 /* Resources */,
			);
			buildRules = (
			);
			dependencies = (
			);
			name = "Unit-3Project2-Getting Data from Online";
			productName = "Unit-3Project2-Getting Data from Online";
			productReference = 8DE6AD1423A4253200192BB8 /* Unit-3Project2-Getting Data from Online.app */;
			productType = "com.apple.product-type.application";
		};
/* End PBXNativeTarget section */

/* Begin PBXProject section */
		8DE6AD0C23A4253200192BB8 /* Project object */ = {
			isa = PBXProject;
			attributes = {
				LastSwiftUpdateCheck = 1120;
				LastUpgradeCheck = 1120;
				ORGANIZATIONNAME = "Luba Kaper";
				TargetAttributes = {
					8DE6AD1323A4253200192BB8 = {
						CreatedOnToolsVersion = 11.2.1;
					};
				};
			};
			buildConfigurationList = 8DE6AD0F23A4253200192BB8 /* Build configuration list for PBXProject "Unit-3Project2-Getting Data from Online" */;
			compatibilityVersion = "Xcode 9.3";
			developmentRegion = en;
			hasScannedForEncodings = 0;
			knownRegions = (
				en,
				Base,
			);
			mainGroup = 8DE6AD0B23A4253200192BB8;
			productRefGroup = 8DE6AD1523A4253200192BB8 /* Products */;
			projectDirPath = "";
			projectRoot = "";
			targets = (
				8DE6AD1323A4253200192BB8 /* Unit-3Project2-Getting Data from Online */,
			);
		};
/* End PBXProject section */

/* Begin PBXResourcesBuildPhase section */
		8DE6AD1223A4253200192BB8 /* Resources */ = {
			isa = PBXResourcesBuildPhase;
			buildActionMask = 2147483647;
			files = (
				8DE6AD2423A4253500192BB8 /* LaunchScreen.storyboard in Resources */,
				8DE6AD2123A4253500192BB8 /* Assets.xcassets in Resources */,
				8DE6AD1F23A4253200192BB8 /* Main.storyboard in Resources */,
			);
			runOnlyForDeploymentPostprocessing = 0;
		};
/* End PBXResourcesBuildPhase section */

/* Begin PBXSourcesBuildPhase section */
		8DE6AD1023A4253200192BB8 /* Sources */ = {
			isa = PBXSourcesBuildPhase;
			buildActionMask = 2147483647;
			files = (
				8DE6AD2D23A425A100192BB8 /* NetworkHelper.swift in Sources */,
				8DE6AD1C23A4253200192BB8 /* ShowViewController.swift in Sources */,
				8DE6AD3123A425D500192BB8 /* ShowsModel.swift in Sources */,
				8DE6AD3723A5273A00192BB8 /* UIImage+Extension.swift in Sources */,
				8DE6AD3523A42F7600192BB8 /* EpisodesModel.swift in Sources */,
				8DE6AD3323A425EE00192BB8 /* ShowAPIClient.swift in Sources */,
				8DE6AD3923A527B900192BB8 /* ShowCell.swift in Sources */,
				8DE6AD2F23A425BD00192BB8 /* AppError.swift in Sources */,
				8DE6AD1823A4253200192BB8 /* AppDelegate.swift in Sources */,
				8DE6AD1A23A4253200192BB8 /* SceneDelegate.swift in Sources */,
			);
			runOnlyForDeploymentPostprocessing = 0;
		};
/* End PBXSourcesBuildPhase section */

/* Begin PBXVariantGroup section */
		8DE6AD1D23A4253200192BB8 /* Main.storyboard */ = {
			isa = PBXVariantGroup;
			children = (
				8DE6AD1E23A4253200192BB8 /* Base */,
			);
			name = Main.storyboard;
			sourceTree = "<group>";
		};
		8DE6AD2223A4253500192BB8 /* LaunchScreen.storyboard */ = {
			isa = PBXVariantGroup;
			children = (
				8DE6AD2323A4253500192BB8 /* Base */,
			);
			name = LaunchScreen.storyboard;
			sourceTree = "<group>";
		};
/* End PBXVariantGroup section */

/* Begin XCBuildConfiguration section */
		8DE6AD2623A4253500192BB8 /* Debug */ = {
			isa = XCBuildConfiguration;
			buildSettings = {
				ALWAYS_SEARCH_USER_PATHS = NO;
				CLANG_ANALYZER_NONNULL = YES;
				CLANG_ANALYZER_NUMBER_OBJECT_CONVERSION = YES_AGGRESSIVE;
				CLANG_CXX_LANGUAGE_STANDARD = "gnu++14";
				CLANG_CXX_LIBRARY = "libc++";
				CLANG_ENABLE_MODULES = YES;
				CLANG_ENABLE_OBJC_ARC = YES;
				CLANG_ENABLE_OBJC_WEAK = YES;
				CLANG_WARN_BLOCK_CAPTURE_AUTORELEASING = YES;
				CLANG_WARN_BOOL_CONVERSION = YES;
				CLANG_WARN_COMMA = YES;
				CLANG_WARN_CONSTANT_CONVERSION = YES;
				CLANG_WARN_DEPRECATED_OBJC_IMPLEMENTATIONS = YES;
				CLANG_WARN_DIRECT_OBJC_ISA_USAGE = YES_ERROR;
				CLANG_WARN_DOCUMENTATION_COMMENTS = YES;
				CLANG_WARN_EMPTY_BODY = YES;
				CLANG_WARN_ENUM_CONVERSION = YES;
				CLANG_WARN_INFINITE_RECURSION = YES;
				CLANG_WARN_INT_CONVERSION = YES;
				CLANG_WARN_NON_LITERAL_NULL_CONVERSION = YES;
				CLANG_WARN_OBJC_IMPLICIT_RETAIN_SELF = YES;
				CLANG_WARN_OBJC_LITERAL_CONVERSION = YES;
				CLANG_WARN_OBJC_ROOT_CLASS = YES_ERROR;
				CLANG_WARN_RANGE_LOOP_ANALYSIS = YES;
				CLANG_WARN_STRICT_PROTOTYPES = YES;
				CLANG_WARN_SUSPICIOUS_MOVE = YES;
				CLANG_WARN_UNGUARDED_AVAILABILITY = YES_AGGRESSIVE;
				CLANG_WARN_UNREACHABLE_CODE = YES;
				CLANG_WARN__DUPLICATE_METHOD_MATCH = YES;
				COPY_PHASE_STRIP = NO;
				DEBUG_INFORMATION_FORMAT = dwarf;
				ENABLE_STRICT_OBJC_MSGSEND = YES;
				ENABLE_TESTABILITY = YES;
				GCC_C_LANGUAGE_STANDARD = gnu11;
				GCC_DYNAMIC_NO_PIC = NO;
				GCC_NO_COMMON_BLOCKS = YES;
				GCC_OPTIMIZATION_LEVEL = 0;
				GCC_PREPROCESSOR_DEFINITIONS = (
					"DEBUG=1",
					"$(inherited)",
				);
				GCC_WARN_64_TO_32_BIT_CONVERSION = YES;
				GCC_WARN_ABOUT_RETURN_TYPE = YES_ERROR;
				GCC_WARN_UNDECLARED_SELECTOR = YES;
				GCC_WARN_UNINITIALIZED_AUTOS = YES_AGGRESSIVE;
				GCC_WARN_UNUSED_FUNCTION = YES;
				GCC_WARN_UNUSED_VARIABLE = YES;
				IPHONEOS_DEPLOYMENT_TARGET = 13.2;
				MTL_ENABLE_DEBUG_INFO = INCLUDE_SOURCE;
				MTL_FAST_MATH = YES;
				ONLY_ACTIVE_ARCH = YES;
				SDKROOT = iphoneos;
				SWIFT_ACTIVE_COMPILATION_CONDITIONS = DEBUG;
				SWIFT_OPTIMIZATION_LEVEL = "-Onone";
			};
			name = Debug;
		};
		8DE6AD2723A4253500192BB8 /* Release */ = {
			isa = XCBuildConfiguration;
			buildSettings = {
				ALWAYS_SEARCH_USER_PATHS = NO;
				CLANG_ANALYZER_NONNULL = YES;
				CLANG_ANALYZER_NUMBER_OBJECT_CONVERSION = YES_AGGRESSIVE;
				CLANG_CXX_LANGUAGE_STANDARD = "gnu++14";
				CLANG_CXX_LIBRARY = "libc++";
				CLANG_ENABLE_MODULES = YES;
				CLANG_ENABLE_OBJC_ARC = YES;
				CLANG_ENABLE_OBJC_WEAK = YES;
				CLANG_WARN_BLOCK_CAPTURE_AUTORELEASING = YES;
				CLANG_WARN_BOOL_CONVERSION = YES;
				CLANG_WARN_COMMA = YES;
				CLANG_WARN_CONSTANT_CONVERSION = YES;
				CLANG_WARN_DEPRECATED_OBJC_IMPLEMENTATIONS = YES;
				CLANG_WARN_DIRECT_OBJC_ISA_USAGE = YES_ERROR;
				CLANG_WARN_DOCUMENTATION_COMMENTS = YES;
				CLANG_WARN_EMPTY_BODY = YES;
				CLANG_WARN_ENUM_CONVERSION = YES;
				CLANG_WARN_INFINITE_RECURSION = YES;
				CLANG_WARN_INT_CONVERSION = YES;
				CLANG_WARN_NON_LITERAL_NULL_CONVERSION = YES;
				CLANG_WARN_OBJC_IMPLICIT_RETAIN_SELF = YES;
				CLANG_WARN_OBJC_LITERAL_CONVERSION = YES;
				CLANG_WARN_OBJC_ROOT_CLASS = YES_ERROR;
				CLANG_WARN_RANGE_LOOP_ANALYSIS = YES;
				CLANG_WARN_STRICT_PROTOTYPES = YES;
				CLANG_WARN_SUSPICIOUS_MOVE = YES;
				CLANG_WARN_UNGUARDED_AVAILABILITY = YES_AGGRESSIVE;
				CLANG_WARN_UNREACHABLE_CODE = YES;
				CLANG_WARN__DUPLICATE_METHOD_MATCH = YES;
				COPY_PHASE_STRIP = NO;
				DEBUG_INFORMATION_FORMAT = "dwarf-with-dsym";
				ENABLE_NS_ASSERTIONS = NO;
				ENABLE_STRICT_OBJC_MSGSEND = YES;
				GCC_C_LANGUAGE_STANDARD = gnu11;
				GCC_NO_COMMON_BLOCKS = YES;
				GCC_WARN_64_TO_32_BIT_CONVERSION = YES;
				GCC_WARN_ABOUT_RETURN_TYPE = YES_ERROR;
				GCC_WARN_UNDECLARED_SELECTOR = YES;
				GCC_WARN_UNINITIALIZED_AUTOS = YES_AGGRESSIVE;
				GCC_WARN_UNUSED_FUNCTION = YES;
				GCC_WARN_UNUSED_VARIABLE = YES;
				IPHONEOS_DEPLOYMENT_TARGET = 13.2;
				MTL_ENABLE_DEBUG_INFO = NO;
				MTL_FAST_MATH = YES;
				SDKROOT = iphoneos;
				SWIFT_COMPILATION_MODE = wholemodule;
				SWIFT_OPTIMIZATION_LEVEL = "-O";
				VALIDATE_PRODUCT = YES;
			};
			name = Release;
		};
		8DE6AD2923A4253500192BB8 /* Debug */ = {
			isa = XCBuildConfiguration;
			buildSettings = {
				ASSETCATALOG_COMPILER_APPICON_NAME = AppIcon;
				CODE_SIGN_STYLE = Automatic;
				DEVELOPMENT_TEAM = CNV924Q9C2;
				INFOPLIST_FILE = "Unit-3Project2-Getting Data from Online/Info.plist";
				LD_RUNPATH_SEARCH_PATHS = (
					"$(inherited)",
					"@executable_path/Frameworks",
				);
				PRODUCT_BUNDLE_IDENTIFIER = "com.lubakaper.Unit-3Project2-Getting-Data-from-Online";
				PRODUCT_NAME = "$(TARGET_NAME)";
				SWIFT_VERSION = 5.0;
				TARGETED_DEVICE_FAMILY = "1,2";
			};
			name = Debug;
		};
		8DE6AD2A23A4253500192BB8 /* Release */ = {
			isa = XCBuildConfiguration;
			buildSettings = {
				ASSETCATALOG_COMPILER_APPICON_NAME = AppIcon;
				CODE_SIGN_STYLE = Automatic;
				DEVELOPMENT_TEAM = CNV924Q9C2;
				INFOPLIST_FILE = "Unit-3Project2-Getting Data from Online/Info.plist";
				LD_RUNPATH_SEARCH_PATHS = (
					"$(inherited)",
					"@executable_path/Frameworks",
				);
				PRODUCT_BUNDLE_IDENTIFIER = "com.lubakaper.Unit-3Project2-Getting-Data-from-Online";
				PRODUCT_NAME = "$(TARGET_NAME)";
				SWIFT_VERSION = 5.0;
				TARGETED_DEVICE_FAMILY = "1,2";
			};
			name = Release;
		};
/* End XCBuildConfiguration section */

/* Begin XCConfigurationList section */
		8DE6AD0F23A4253200192BB8 /* Build configuration list for PBXProject "Unit-3Project2-Getting Data from Online" */ = {
			isa = XCConfigurationList;
			buildConfigurations = (
				8DE6AD2623A4253500192BB8 /* Debug */,
				8DE6AD2723A4253500192BB8 /* Release */,
			);
			defaultConfigurationIsVisible = 0;
			defaultConfigurationName = Release;
		};
		8DE6AD2823A4253500192BB8 /* Build configuration list for PBXNativeTarget "Unit-3Project2-Getting Data from Online" */ = {
			isa = XCConfigurationList;
			buildConfigurations = (
				8DE6AD2923A4253500192BB8 /* Debug */,
				8DE6AD2A23A4253500192BB8 /* Release */,
			);
			defaultConfigurationIsVisible = 0;
			defaultConfigurationName = Release;
		};
/* End XCConfigurationList section */
	};
	rootObject = 8DE6AD0C23A4253200192BB8 /* Project object */;
}
